
Microsoft Visual Studio Solution File, Format Version 12.00
# Visual Studio Version 17
VisualStudioVersion = 17.6.33829.357
MinimumVisualStudioVersion = 10.0.40219.1
Project("{FAE04EC0-301F-11D3-BF4B-00C04F79EFBC}") = "BankAccountApp", "BankAccountApp\BankAccountApp.csproj", "{4E4175CF-47B3-4E8C-9378-B77917B09870}"
EndProject
Project("{2150E333-8FDC-42A3-9474-1A3956D46DE8}") = "Элементы решения", "Элементы решения", "{B48A6870-FC06-49FE-A007-B0510584F0D3}"
	ProjectSection(SolutionItems) = preProject
		Actions.txt = Actions.txt
	EndProjectSection
EndProject
Global
	GlobalSection(SolutionConfigurationPlatforms) = preSolution
		Debug|Any CPU = Debug|Any CPU
		Release|Any CPU = Release|Any CPU
	EndGlobalSection
	GlobalSection(ProjectConfigurationPlatforms) = postSolution
		{4E4175CF-47B3-4E8C-9378-B77917B09870}.Debug|Any CPU.ActiveCfg = Debug|Any CPU
		{4E4175CF-47B3-4E8C-9378-B77917B09870}.Debug|Any CPU.Build.0 = Debug|Any CPU
		{4E4175CF-47B3-4E8C-9378-B77917B09870}.Release|Any CPU.ActiveCfg = Release|Any CPU
		{4E4175CF-47B3-4E8C-9378-B77917B09870}.Release|Any CPU.Build.0 = Release|Any CPU
	EndGlobalSection
	GlobalSection(SolutionProperties) = preSolution
		HideSolutionNode = FALSE
	EndGlobalSection
	GlobalSection(ExtensibilityGlobals) = postSolution
		SolutionGuid = {AE40ABA5-21FD-4140-9ABC-CDC70B35D699}
	EndGlobalSection
EndGlobal
